
Microsoft Visual Studio Solution File, Format Version 12.00
# Visual Studio Version 17
VisualStudioVersion = 17.11.35312.102
MinimumVisualStudioVersion = 10.0.40219.1
Project("{FAE04EC0-301F-11D3-BF4B-00C04F79EFBC}") = "laba2.3", "laba2.3\laba2.3.csproj", "{2D4C183D-D1FE-48A2-806D-361697C916BA}"
EndProject
Global
	GlobalSection(SolutionConfigurationPlatforms) = preSolution
		Debug|Any CPU = Debug|Any CPU
		Release|Any CPU = Release|Any CPU
	EndGlobalSection
	GlobalSection(ProjectConfigurationPlatforms) = postSolution
		{2D4C183D-D1FE-48A2-806D-361697C916BA}.Debug|Any CPU.ActiveCfg = Debug|Any CPU
		{2D4C183D-D1FE-48A2-806D-361697C916BA}.Debug|Any CPU.Build.0 = Debug|Any CPU
		{2D4C183D-D1FE-48A2-806D-361697C916BA}.Release|Any CPU.ActiveCfg = Release|Any CPU
		{2D4C183D-D1FE-48A2-806D-361697C916BA}.Release|Any CPU.Build.0 = Release|Any CPU
	EndGlobalSection
	GlobalSection(SolutionProperties) = preSolution
		HideSolutionNode = FALSE
	EndGlobalSection
	GlobalSection(ExtensibilityGlobals) = postSolution
		SolutionGuid = {9F1EAABE-452A-4298-A797-0F46581D828F}
	EndGlobalSection
EndGlobal
